
Microsoft Visual Studio Solution File, Format Version 12.00
# Visual Studio 15
VisualStudioVersion = 15.0.28307.2092
MinimumVisualStudioVersion = 10.0.40219.1
Project("{8BC9CEB8-8B4A-11D0-8D11-00A0C91BC942}") = "13", "13\13.vcxproj", "{3281825B-D45B-498F-AF6B-5C73BF4A010B}"
EndProject
Global
	GlobalSection(SolutionConfigurationPlatforms) = preSolution
		Debug|x64 = Debug|x64
		Debug|x86 = Debug|x86
		Release|x64 = Release|x64
		Release|x86 = Release|x86
	EndGlobalSection
	GlobalSection(ProjectConfigurationPlatforms) = postSolution
		{3281825B-D45B-498F-AF6B-5C73BF4A010B}.Debug|x64.ActiveCfg = Debug|x64
		{3281825B-D45B-498F-AF6B-5C73BF4A010B}.Debug|x64.Build.0 = Debug|x64
		{3281825B-D45B-498F-AF6B-5C73BF4A010B}.Debug|x86.ActiveCfg = Debug|Win32
		{3281825B-D45B-498F-AF6B-5C73BF4A010B}.Debug|x86.Build.0 = Debug|Win32
		{3281825B-D45B-498F-AF6B-5C73BF4A010B}.Release|x64.ActiveCfg = Release|x64
		{3281825B-D45B-498F-AF6B-5C73BF4A010B}.Release|x64.Build.0 = Release|x64
		{3281825B-D45B-498F-AF6B-5C73BF4A010B}.Release|x86.ActiveCfg = Release|Win32
		{3281825B-D45B-498F-AF6B-5C73BF4A010B}.Release|x86.Build.0 = Release|Win32
	EndGlobalSection
	GlobalSection(SolutionProperties) = preSolution
		HideSolutionNode = FALSE
	EndGlobalSection
	GlobalSection(ExtensibilityGlobals) = postSolution
		SolutionGuid = {074EC839-5226-45A9-8687-8571E7175658}
	EndGlobalSection
EndGlobal
