
Microsoft Visual Studio Solution File, Format Version 12.00
# Visual Studio 15
VisualStudioVersion = 15.0.28307.2092
MinimumVisualStudioVersion = 10.0.40219.1
Project("{8BC9CEB8-8B4A-11D0-8D11-00A0C91BC942}") = "5", "5\5.vcxproj", "{88525694-B7CD-4B36-86C6-4B8951B09760}"
EndProject
Global
	GlobalSection(SolutionConfigurationPlatforms) = preSolution
		Debug|x64 = Debug|x64
		Debug|x86 = Debug|x86
		Release|x64 = Release|x64
		Release|x86 = Release|x86
	EndGlobalSection
	GlobalSection(ProjectConfigurationPlatforms) = postSolution
		{88525694-B7CD-4B36-86C6-4B8951B09760}.Debug|x64.ActiveCfg = Debug|x64
		{88525694-B7CD-4B36-86C6-4B8951B09760}.Debug|x64.Build.0 = Debug|x64
		{88525694-B7CD-4B36-86C6-4B8951B09760}.Debug|x86.ActiveCfg = Debug|Win32
		{88525694-B7CD-4B36-86C6-4B8951B09760}.Debug|x86.Build.0 = Debug|Win32
		{88525694-B7CD-4B36-86C6-4B8951B09760}.Release|x64.ActiveCfg = Release|x64
		{88525694-B7CD-4B36-86C6-4B8951B09760}.Release|x64.Build.0 = Release|x64
		{88525694-B7CD-4B36-86C6-4B8951B09760}.Release|x86.ActiveCfg = Release|Win32
		{88525694-B7CD-4B36-86C6-4B8951B09760}.Release|x86.Build.0 = Release|Win32
	EndGlobalSection
	GlobalSection(SolutionProperties) = preSolution
		HideSolutionNode = FALSE
	EndGlobalSection
	GlobalSection(ExtensibilityGlobals) = postSolution
		SolutionGuid = {74A4225C-D6A7-4AC0-BE6A-EAB9EC66746B}
	EndGlobalSection
EndGlobal
