
Microsoft Visual Studio Solution File, Format Version 12.00
# Visual Studio 15
VisualStudioVersion = 15.0.28307.2092
MinimumVisualStudioVersion = 10.0.40219.1
Project("{8BC9CEB8-8B4A-11D0-8D11-00A0C91BC942}") = "2", "2\2.vcxproj", "{FE35456B-58D4-4AB5-88F4-48D0E8D1FC17}"
EndProject
Global
	GlobalSection(SolutionConfigurationPlatforms) = preSolution
		Debug|x64 = Debug|x64
		Debug|x86 = Debug|x86
		Release|x64 = Release|x64
		Release|x86 = Release|x86
	EndGlobalSection
	GlobalSection(ProjectConfigurationPlatforms) = postSolution
		{FE35456B-58D4-4AB5-88F4-48D0E8D1FC17}.Debug|x64.ActiveCfg = Debug|x64
		{FE35456B-58D4-4AB5-88F4-48D0E8D1FC17}.Debug|x64.Build.0 = Debug|x64
		{FE35456B-58D4-4AB5-88F4-48D0E8D1FC17}.Debug|x86.ActiveCfg = Debug|Win32
		{FE35456B-58D4-4AB5-88F4-48D0E8D1FC17}.Debug|x86.Build.0 = Debug|Win32
		{FE35456B-58D4-4AB5-88F4-48D0E8D1FC17}.Release|x64.ActiveCfg = Release|x64
		{FE35456B-58D4-4AB5-88F4-48D0E8D1FC17}.Release|x64.Build.0 = Release|x64
		{FE35456B-58D4-4AB5-88F4-48D0E8D1FC17}.Release|x86.ActiveCfg = Release|Win32
		{FE35456B-58D4-4AB5-88F4-48D0E8D1FC17}.Release|x86.Build.0 = Release|Win32
	EndGlobalSection
	GlobalSection(SolutionProperties) = preSolution
		HideSolutionNode = FALSE
	EndGlobalSection
	GlobalSection(ExtensibilityGlobals) = postSolution
		SolutionGuid = {62B19317-C4C2-4F34-99EC-97E262B76A69}
	EndGlobalSection
EndGlobal
